
Microsoft Visual Studio Solution File, Format Version 12.00
# Visual Studio Version 17
VisualStudioVersion = 17.14.36623.8 d17.14
MinimumVisualStudioVersion = 10.0.40219.1
Project("{FAE04EC0-301F-11D3-BF4B-00C04F79EFBC}") = "HomepageFlipkart", "HomepageFlipkart.csproj", "{29E05999-C642-4B38-B487-B652BF6881BC}"
EndProject
Global
	GlobalSection(SolutionConfigurationPlatforms) = preSolution
		Debug|Any CPU = Debug|Any CPU
		Release|Any CPU = Release|Any CPU
	EndGlobalSection
	GlobalSection(ProjectConfigurationPlatforms) = postSolution
		{29E05999-C642-4B38-B487-B652BF6881BC}.Debug|Any CPU.ActiveCfg = Debug|Any CPU
		{29E05999-C642-4B38-B487-B652BF6881BC}.Debug|Any CPU.Build.0 = Debug|Any CPU
		{29E05999-C642-4B38-B487-B652BF6881BC}.Release|Any CPU.ActiveCfg = Release|Any CPU
		{29E05999-C642-4B38-B487-B652BF6881BC}.Release|Any CPU.Build.0 = Release|Any CPU
	EndGlobalSection
	GlobalSection(SolutionProperties) = preSolution
		HideSolutionNode = FALSE
	EndGlobalSection
	GlobalSection(ExtensibilityGlobals) = postSolution
		SolutionGuid = {8AD20B20-ADBE-4125-BADA-A1755545F21B}
	EndGlobalSection
EndGlobal
